{
  "requires": true,
  "lockfileVersion": 1,
  "dependencies": {
    "ionic-angular": {
      "version": "3.9.8",
      "resolved": "https://registry.npmjs.org/ionic-angular/-/ionic-angular-3.9.8.tgz",
      "integrity": "sha512-PVo5mii3nqdEIBP5aVQMn58iIH8VkLDEuGnnMtJi1le4nwzfep2V4jOcru9zDKhCclsD5lqSRBpuQHfoHdRBgQ=="
    }
  }
}
